
Microsoft Visual Studio Solution File, Format Version 12.00
# Visual Studio 15
VisualStudioVersion = 15.0.28307.136
MinimumVisualStudioVersion = 10.0.40219.1
Project("{FAE04EC0-301F-11D3-BF4B-00C04F79EFBC}") = "SystemParking", "SystemParking\SystemParking.csproj", "{1DF94AA1-90EB-496C-86F5-90AEE395F75D}"
EndProject
Global
	GlobalSection(SolutionConfigurationPlatforms) = preSolution
		Debug|Any CPU = Debug|Any CPU
		Release|Any CPU = Release|Any CPU
	EndGlobalSection
	GlobalSection(ProjectConfigurationPlatforms) = postSolution
		{1DF94AA1-90EB-496C-86F5-90AEE395F75D}.Debug|Any CPU.ActiveCfg = Debug|Any CPU
		{1DF94AA1-90EB-496C-86F5-90AEE395F75D}.Debug|Any CPU.Build.0 = Debug|Any CPU
		{1DF94AA1-90EB-496C-86F5-90AEE395F75D}.Release|Any CPU.ActiveCfg = Release|Any CPU
		{1DF94AA1-90EB-496C-86F5-90AEE395F75D}.Release|Any CPU.Build.0 = Release|Any CPU
	EndGlobalSection
	GlobalSection(SolutionProperties) = preSolution
		HideSolutionNode = FALSE
	EndGlobalSection
	GlobalSection(ExtensibilityGlobals) = postSolution
		SolutionGuid = {8DB53CE7-F5D0-4DE6-A55F-ECD2FAD24EF9}
	EndGlobalSection
EndGlobal
